
Microsoft Visual Studio Solution File, Format Version 12.00
# Visual Studio Version 17
VisualStudioVersion = 17.5.33530.505
MinimumVisualStudioVersion = 10.0.40219.1
Project("{9A19103F-16F7-4668-BE54-9A1E7A4F7556}") = "ConsoleApp1", "ConsoleApp1\ConsoleApp1.csproj", "{DA5B4470-3EE5-4ED2-A3C8-5E5AE4179935}"
EndProject
Project("{9A19103F-16F7-4668-BE54-9A1E7A4F7556}") = "MathApp", "ConsoleApp2\MathApp.csproj", "{EEFDE20A-0F45-4036-A6FF-CBBE38CB1CF5}"
EndProject
Project("{FAE04EC0-301F-11D3-BF4B-00C04F79EFBC}") = "DelegationVsEventHandler", "DelegationVsEventHandler\DelegationVsEventHandler.csproj", "{992EEF2B-F4E0-4E46-A755-E15FC6E5B0E6}"
EndProject
Global
	GlobalSection(SolutionConfigurationPlatforms) = preSolution
		Debug|Any CPU = Debug|Any CPU
		Release|Any CPU = Release|Any CPU
	EndGlobalSection
	GlobalSection(ProjectConfigurationPlatforms) = postSolution
		{DA5B4470-3EE5-4ED2-A3C8-5E5AE4179935}.Debug|Any CPU.ActiveCfg = Debug|Any CPU
		{DA5B4470-3EE5-4ED2-A3C8-5E5AE4179935}.Debug|Any CPU.Build.0 = Debug|Any CPU
		{DA5B4470-3EE5-4ED2-A3C8-5E5AE4179935}.Release|Any CPU.ActiveCfg = Release|Any CPU
		{DA5B4470-3EE5-4ED2-A3C8-5E5AE4179935}.Release|Any CPU.Build.0 = Release|Any CPU
		{EEFDE20A-0F45-4036-A6FF-CBBE38CB1CF5}.Debug|Any CPU.ActiveCfg = Debug|Any CPU
		{EEFDE20A-0F45-4036-A6FF-CBBE38CB1CF5}.Debug|Any CPU.Build.0 = Debug|Any CPU
		{EEFDE20A-0F45-4036-A6FF-CBBE38CB1CF5}.Release|Any CPU.ActiveCfg = Release|Any CPU
		{EEFDE20A-0F45-4036-A6FF-CBBE38CB1CF5}.Release|Any CPU.Build.0 = Release|Any CPU
		{992EEF2B-F4E0-4E46-A755-E15FC6E5B0E6}.Debug|Any CPU.ActiveCfg = Debug|Any CPU
		{992EEF2B-F4E0-4E46-A755-E15FC6E5B0E6}.Debug|Any CPU.Build.0 = Debug|Any CPU
		{992EEF2B-F4E0-4E46-A755-E15FC6E5B0E6}.Release|Any CPU.ActiveCfg = Release|Any CPU
		{992EEF2B-F4E0-4E46-A755-E15FC6E5B0E6}.Release|Any CPU.Build.0 = Release|Any CPU
	EndGlobalSection
	GlobalSection(SolutionProperties) = preSolution
		HideSolutionNode = FALSE
	EndGlobalSection
	GlobalSection(ExtensibilityGlobals) = postSolution
		SolutionGuid = {FB6D57E1-129F-49AB-9268-492560703438}
	EndGlobalSection
EndGlobal
