
Microsoft Visual Studio Solution File, Format Version 12.00
# Visual Studio Version 17
VisualStudioVersion = 17.5.33530.505
MinimumVisualStudioVersion = 10.0.40219.1
Project("{FAE04EC0-301F-11D3-BF4B-00C04F79EFBC}") = "LINQ", "LINQ.csproj", "{BCE4FBE7-BF50-4A89-937A-EAFD7F73337E}"
EndProject
Global
	GlobalSection(SolutionConfigurationPlatforms) = preSolution
		Debug|Any CPU = Debug|Any CPU
		Release|Any CPU = Release|Any CPU
	EndGlobalSection
	GlobalSection(ProjectConfigurationPlatforms) = postSolution
		{BCE4FBE7-BF50-4A89-937A-EAFD7F73337E}.Debug|Any CPU.ActiveCfg = Debug|Any CPU
		{BCE4FBE7-BF50-4A89-937A-EAFD7F73337E}.Debug|Any CPU.Build.0 = Debug|Any CPU
		{BCE4FBE7-BF50-4A89-937A-EAFD7F73337E}.Release|Any CPU.ActiveCfg = Release|Any CPU
		{BCE4FBE7-BF50-4A89-937A-EAFD7F73337E}.Release|Any CPU.Build.0 = Release|Any CPU
	EndGlobalSection
	GlobalSection(SolutionProperties) = preSolution
		HideSolutionNode = FALSE
	EndGlobalSection
	GlobalSection(ExtensibilityGlobals) = postSolution
		SolutionGuid = {242FFE02-9E1B-425E-BBAD-5CF55A8FE53A}
	EndGlobalSection
EndGlobal
